// !$*UTF8*$!
{
	archiveVersion = 1;
	classes = {
	};
	objectVersion = 50;
	objects = {

/* Begin PBXBuildFile section */
		D937118520CA1E040030EE9D /* main.cpp in Sources */ = {isa = PBXBuildFile; fileRef = D937118420CA1E040030EE9D /* main.cpp */; };
		D937119520CA3A600030EE9D /* sphere.cpp in Sources */ = {isa = PBXBuildFile; fileRef = D937119420CA3A600030EE9D /* sphere.cpp */; };
		D937119920CA3CEA0030EE9D /* hitable_list.cpp in Sources */ = {isa = PBXBuildFile; fileRef = D937119820CA3CEA0030EE9D /* hitable_list.cpp */; };
		D93711DE20CE1E3A0030EE9D /* triangle.cpp in Sources */ = {isa = PBXBuildFile; fileRef = D93711DD20CE1E3A0030EE9D /* triangle.cpp */; };
/* End PBXBuildFile section */

/* Begin PBXCopyFilesBuildPhase section */
		D937117F20CA1E040030EE9D /* CopyFiles */ = {
			isa = PBXCopyFilesBuildPhase;
			buildActionMask = 2147483647;
			dstPath = /usr/share/man/man1/;
			dstSubfolderSpec = 0;
			files = (
			);
			runOnlyForDeploymentPostprocessing = 1;
		};
/* End PBXCopyFilesBuildPhase section */

/* Begin PBXFileReference section */
		D937118120CA1E040030EE9D /* RayTrace 101 */ = {isa = PBXFileReference; explicitFileType = "compiled.mach-o.executable"; includeInIndex = 0; path = "RayTrace 101"; sourceTree = BUILT_PRODUCTS_DIR; };
		D937118420CA1E040030EE9D /* main.cpp */ = {isa = PBXFileReference; lastKnownFileType = sourcecode.cpp.cpp; path = main.cpp; sourceTree = "<group>"; };
		D937118D20CA217D0030EE9D /* vec3.h */ = {isa = PBXFileReference; lastKnownFileType = sourcecode.c.h; path = vec3.h; sourceTree = "<group>"; };
		D937119020CA2DCD0030EE9D /* ray.h */ = {isa = PBXFileReference; lastKnownFileType = sourcecode.c.h; path = ray.h; sourceTree = "<group>"; };
		D937119220CA39290030EE9D /* hitable.h */ = {isa = PBXFileReference; lastKnownFileType = sourcecode.c.h; path = hitable.h; sourceTree = "<group>"; };
		D937119320CA39A30030EE9D /* sphere.h */ = {isa = PBXFileReference; lastKnownFileType = sourcecode.c.h; path = sphere.h; sourceTree = "<group>"; };
		D937119420CA3A600030EE9D /* sphere.cpp */ = {isa = PBXFileReference; lastKnownFileType = sourcecode.cpp.cpp; path = sphere.cpp; sourceTree = "<group>"; };
		D937119620CA3C2D0030EE9D /* hitable_list.h */ = {isa = PBXFileReference; lastKnownFileType = sourcecode.c.h; path = hitable_list.h; sourceTree = "<group>"; };
		D937119820CA3CEA0030EE9D /* hitable_list.cpp */ = {isa = PBXFileReference; lastKnownFileType = sourcecode.cpp.cpp; path = hitable_list.cpp; sourceTree = "<group>"; };
		D937119C20CA41A10030EE9D /* camera.h */ = {isa = PBXFileReference; lastKnownFileType = sourcecode.c.h; path = camera.h; sourceTree = "<group>"; };
		D937119D20CA518B0030EE9D /* material.h */ = {isa = PBXFileReference; lastKnownFileType = sourcecode.c.h; path = material.h; sourceTree = "<group>"; };
		D93711A020CB0AE10030EE9D /* movingsphere.h */ = {isa = PBXFileReference; lastKnownFileType = sourcecode.c.h; path = movingsphere.h; sourceTree = "<group>"; };
		D93711A320CB38C20030EE9D /* aabb.h */ = {isa = PBXFileReference; lastKnownFileType = sourcecode.c.h; path = aabb.h; sourceTree = "<group>"; };
		D93711A420CB410E0030EE9D /* bvh.h */ = {isa = PBXFileReference; lastKnownFileType = sourcecode.c.h; path = bvh.h; sourceTree = "<group>"; };
		D93711A720CCBEF70030EE9D /* texture.h */ = {isa = PBXFileReference; lastKnownFileType = sourcecode.c.h; path = texture.h; sourceTree = "<group>"; };
		D93711A820CD31730030EE9D /* Perlin.h */ = {isa = PBXFileReference; lastKnownFileType = sourcecode.c.h; path = Perlin.h; sourceTree = "<group>"; };
		D93711A920CD51FC0030EE9D /* image_texture.h */ = {isa = PBXFileReference; lastKnownFileType = sourcecode.c.h; path = image_texture.h; sourceTree = "<group>"; };
		D93711AA20CD5AB30030EE9D /* std_image.h */ = {isa = PBXFileReference; lastKnownFileType = sourcecode.c.h; path = std_image.h; sourceTree = "<group>"; };
		D93711AB20CD686C0030EE9D /* rect.h */ = {isa = PBXFileReference; lastKnownFileType = sourcecode.c.h; path = rect.h; sourceTree = "<group>"; };
		D93711D620CDA36A0030EE9D /* flipnormal.h */ = {isa = PBXFileReference; lastKnownFileType = sourcecode.c.h; path = flipnormal.h; sourceTree = "<group>"; };
		D93711D720CDA88A0030EE9D /* box.h */ = {isa = PBXFileReference; lastKnownFileType = sourcecode.c.h; path = box.h; sourceTree = "<group>"; };
		D93711D820CDADE20030EE9D /* translate.h */ = {isa = PBXFileReference; lastKnownFileType = sourcecode.c.h; path = translate.h; sourceTree = "<group>"; };
		D93711D920CDAFB20030EE9D /* rotation.h */ = {isa = PBXFileReference; lastKnownFileType = sourcecode.c.h; path = rotation.h; sourceTree = "<group>"; };
		D93711DA20CDDB410030EE9D /* scale.h */ = {isa = PBXFileReference; lastKnownFileType = sourcecode.c.h; path = scale.h; sourceTree = "<group>"; };
		D93711DB20CDFA440030EE9D /* constant_medium.h */ = {isa = PBXFileReference; lastKnownFileType = sourcecode.c.h; path = constant_medium.h; sourceTree = "<group>"; };
		D93711DC20CE1D4E0030EE9D /* triangle.h */ = {isa = PBXFileReference; lastKnownFileType = sourcecode.c.h; path = triangle.h; sourceTree = "<group>"; };
		D93711DD20CE1E3A0030EE9D /* triangle.cpp */ = {isa = PBXFileReference; lastKnownFileType = sourcecode.cpp.cpp; path = triangle.cpp; sourceTree = "<group>"; };
/* End PBXFileReference section */

/* Begin PBXFrameworksBuildPhase section */
		D937117E20CA1E040030EE9D /* Frameworks */ = {
			isa = PBXFrameworksBuildPhase;
			buildActionMask = 2147483647;
			files = (
			);
			runOnlyForDeploymentPostprocessing = 0;
		};
/* End PBXFrameworksBuildPhase section */

/* Begin PBXGroup section */
		D937117820CA1E040030EE9D = {
			isa = PBXGroup;
			children = (
				D937118320CA1E040030EE9D /* RayTrace 101 */,
				D937118220CA1E040030EE9D /* Products */,
			);
			sourceTree = "<group>";
			usesTabs = 1;
		};
		D937118220CA1E040030EE9D /* Products */ = {
			isa = PBXGroup;
			children = (
				D937118120CA1E040030EE9D /* RayTrace 101 */,
			);
			name = Products;
			sourceTree = "<group>";
		};
		D937118320CA1E040030EE9D /* RayTrace 101 */ = {
			isa = PBXGroup;
			children = (
				D937119720CA3CC80030EE9D /* Source */,
				D937119120CA39150030EE9D /* Headers */,
			);
			path = "RayTrace 101";
			sourceTree = "<group>";
		};
		D937119120CA39150030EE9D /* Headers */ = {
			isa = PBXGroup;
			children = (
				D937119020CA2DCD0030EE9D /* ray.h */,
				D937118D20CA217D0030EE9D /* vec3.h */,
				D937119220CA39290030EE9D /* hitable.h */,
				D937119320CA39A30030EE9D /* sphere.h */,
				D937119620CA3C2D0030EE9D /* hitable_list.h */,
				D937119C20CA41A10030EE9D /* camera.h */,
				D937119D20CA518B0030EE9D /* material.h */,
				D93711A020CB0AE10030EE9D /* movingsphere.h */,
				D93711A320CB38C20030EE9D /* aabb.h */,
				D93711A420CB410E0030EE9D /* bvh.h */,
				D93711A720CCBEF70030EE9D /* texture.h */,
				D93711A820CD31730030EE9D /* Perlin.h */,
				D93711A920CD51FC0030EE9D /* image_texture.h */,
				D93711AA20CD5AB30030EE9D /* std_image.h */,
				D93711AB20CD686C0030EE9D /* rect.h */,
				D93711D620CDA36A0030EE9D /* flipnormal.h */,
				D93711D720CDA88A0030EE9D /* box.h */,
				D93711D820CDADE20030EE9D /* translate.h */,
				D93711D920CDAFB20030EE9D /* rotation.h */,
				D93711DA20CDDB410030EE9D /* scale.h */,
				D93711DB20CDFA440030EE9D /* constant_medium.h */,
				D93711DC20CE1D4E0030EE9D /* triangle.h */,
			);
			path = Headers;
			sourceTree = "<group>";
		};
		D937119720CA3CC80030EE9D /* Source */ = {
			isa = PBXGroup;
			children = (
				D937118420CA1E040030EE9D /* main.cpp */,
				D937119420CA3A600030EE9D /* sphere.cpp */,
				D937119820CA3CEA0030EE9D /* hitable_list.cpp */,
				D93711DD20CE1E3A0030EE9D /* triangle.cpp */,
			);
			path = Source;
			sourceTree = "<group>";
		};
/* End PBXGroup section */

/* Begin PBXNativeTarget section */
		D937118020CA1E040030EE9D /* RayTrace 101 */ = {
			isa = PBXNativeTarget;
			buildConfigurationList = D937118820CA1E040030EE9D /* Build configuration list for PBXNativeTarget "RayTrace 101" */;
			buildPhases = (
				D937117D20CA1E040030EE9D /* Sources */,
				D937117E20CA1E040030EE9D /* Frameworks */,
				D937117F20CA1E040030EE9D /* CopyFiles */,
			);
			buildRules = (
			);
			dependencies = (
			);
			name = "RayTrace 101";
			productName = "RayTrace 101";
			productReference = D937118120CA1E040030EE9D /* RayTrace 101 */;
			productType = "com.apple.product-type.tool";
		};
/* End PBXNativeTarget section */

/* Begin PBXProject section */
		D937117920CA1E040030EE9D /* Project object */ = {
			isa = PBXProject;
			attributes = {
				LastUpgradeCheck = 0940;
				ORGANIZATIONNAME = "卢杨睿";
				TargetAttributes = {
					D937118020CA1E040030EE9D = {
						CreatedOnToolsVersion = 9.4;
					};
				};
			};
			buildConfigurationList = D937117C20CA1E040030EE9D /* Build configuration list for PBXProject "RayTrace 101" */;
			compatibilityVersion = "Xcode 9.3";
			developmentRegion = en;
			hasScannedForEncodings = 0;
			knownRegions = (
				en,
			);
			mainGroup = D937117820CA1E040030EE9D;
			productRefGroup = D937118220CA1E040030EE9D /* Products */;
			projectDirPath = "";
			projectRoot = "";
			targets = (
				D937118020CA1E040030EE9D /* RayTrace 101 */,
			);
		};
/* End PBXProject section */

/* Begin PBXSourcesBuildPhase section */
		D937117D20CA1E040030EE9D /* Sources */ = {
			isa = PBXSourcesBuildPhase;
			buildActionMask = 2147483647;
			files = (
				D937119520CA3A600030EE9D /* sphere.cpp in Sources */,
				D937119920CA3CEA0030EE9D /* hitable_list.cpp in Sources */,
				D937118520CA1E040030EE9D /* main.cpp in Sources */,
				D93711DE20CE1E3A0030EE9D /* triangle.cpp in Sources */,
			);
			runOnlyForDeploymentPostprocessing = 0;
		};
/* End PBXSourcesBuildPhase section */

/* Begin XCBuildConfiguration section */
		D937118620CA1E040030EE9D /* Debug */ = {
			isa = XCBuildConfiguration;
			buildSettings = {
				ALWAYS_SEARCH_USER_PATHS = NO;
				CLANG_ANALYZER_NONNULL = YES;
				CLANG_ANALYZER_NUMBER_OBJECT_CONVERSION = YES_AGGRESSIVE;
				CLANG_CXX_LANGUAGE_STANDARD = "gnu++14";
				CLANG_CXX_LIBRARY = "libc++";
				CLANG_ENABLE_MODULES = YES;
				CLANG_ENABLE_OBJC_ARC = YES;
				CLANG_ENABLE_OBJC_WEAK = YES;
				CLANG_WARN_BLOCK_CAPTURE_AUTORELEASING = YES;
				CLANG_WARN_BOOL_CONVERSION = YES;
				CLANG_WARN_COMMA = YES;
				CLANG_WARN_CONSTANT_CONVERSION = YES;
				CLANG_WARN_DEPRECATED_OBJC_IMPLEMENTATIONS = YES;
				CLANG_WARN_DIRECT_OBJC_ISA_USAGE = YES_ERROR;
				CLANG_WARN_DOCUMENTATION_COMMENTS = YES;
				CLANG_WARN_EMPTY_BODY = YES;
				CLANG_WARN_ENUM_CONVERSION = YES;
				CLANG_WARN_INFINITE_RECURSION = YES;
				CLANG_WARN_INT_CONVERSION = YES;
				CLANG_WARN_NON_LITERAL_NULL_CONVERSION = YES;
				CLANG_WARN_OBJC_IMPLICIT_RETAIN_SELF = YES;
				CLANG_WARN_OBJC_LITERAL_CONVERSION = YES;
				CLANG_WARN_OBJC_ROOT_CLASS = YES_ERROR;
				CLANG_WARN_RANGE_LOOP_ANALYSIS = YES;
				CLANG_WARN_STRICT_PROTOTYPES = YES;
				CLANG_WARN_SUSPICIOUS_MOVE = YES;
				CLANG_WARN_UNGUARDED_AVAILABILITY = YES_AGGRESSIVE;
				CLANG_WARN_UNREACHABLE_CODE = YES;
				CLANG_WARN__DUPLICATE_METHOD_MATCH = YES;
				CODE_SIGN_IDENTITY = "-";
				COPY_PHASE_STRIP = NO;
				DEBUG_INFORMATION_FORMAT = dwarf;
				ENABLE_STRICT_OBJC_MSGSEND = YES;
				ENABLE_TESTABILITY = YES;
				GCC_C_LANGUAGE_STANDARD = gnu11;
				GCC_DYNAMIC_NO_PIC = NO;
				GCC_NO_COMMON_BLOCKS = YES;
				GCC_OPTIMIZATION_LEVEL = 0;
				GCC_PREPROCESSOR_DEFINITIONS = (
					"DEBUG=1",
					"$(inherited)",
				);
				GCC_WARN_64_TO_32_BIT_CONVERSION = YES;
				GCC_WARN_ABOUT_RETURN_TYPE = YES_ERROR;
				GCC_WARN_UNDECLARED_SELECTOR = YES;
				GCC_WARN_UNINITIALIZED_AUTOS = YES_AGGRESSIVE;
				GCC_WARN_UNUSED_FUNCTION = YES;
				GCC_WARN_UNUSED_VARIABLE = YES;
				MACOSX_DEPLOYMENT_TARGET = 10.13;
				MTL_ENABLE_DEBUG_INFO = YES;
				ONLY_ACTIVE_ARCH = YES;
				SDKROOT = macosx;
			};
			name = Debug;
		};
		D937118720CA1E040030EE9D /* Release */ = {
			isa = XCBuildConfiguration;
			buildSettings = {
				ALWAYS_SEARCH_USER_PATHS = NO;
				CLANG_ANALYZER_NONNULL = YES;
				CLANG_ANALYZER_NUMBER_OBJECT_CONVERSION = YES_AGGRESSIVE;
				CLANG_CXX_LANGUAGE_STANDARD = "gnu++14";
				CLANG_CXX_LIBRARY = "libc++";
				CLANG_ENABLE_MODULES = YES;
				CLANG_ENABLE_OBJC_ARC = YES;
				CLANG_ENABLE_OBJC_WEAK = YES;
				CLANG_WARN_BLOCK_CAPTURE_AUTORELEASING = YES;
				CLANG_WARN_BOOL_CONVERSION = YES;
				CLANG_WARN_COMMA = YES;
				CLANG_WARN_CONSTANT_CONVERSION = YES;
				CLANG_WARN_DEPRECATED_OBJC_IMPLEMENTATIONS = YES;
				CLANG_WARN_DIRECT_OBJC_ISA_USAGE = YES_ERROR;
				CLANG_WARN_DOCUMENTATION_COMMENTS = YES;
				CLANG_WARN_EMPTY_BODY = YES;
				CLANG_WARN_ENUM_CONVERSION = YES;
				CLANG_WARN_INFINITE_RECURSION = YES;
				CLANG_WARN_INT_CONVERSION = YES;
				CLANG_WARN_NON_LITERAL_NULL_CONVERSION = YES;
				CLANG_WARN_OBJC_IMPLICIT_RETAIN_SELF = YES;
				CLANG_WARN_OBJC_LITERAL_CONVERSION = YES;
				CLANG_WARN_OBJC_ROOT_CLASS = YES_ERROR;
				CLANG_WARN_RANGE_LOOP_ANALYSIS = YES;
				CLANG_WARN_STRICT_PROTOTYPES = YES;
				CLANG_WARN_SUSPICIOUS_MOVE = YES;
				CLANG_WARN_UNGUARDED_AVAILABILITY = YES_AGGRESSIVE;
				CLANG_WARN_UNREACHABLE_CODE = YES;
				CLANG_WARN__DUPLICATE_METHOD_MATCH = YES;
				CODE_SIGN_IDENTITY = "-";
				COPY_PHASE_STRIP = NO;
				DEBUG_INFORMATION_FORMAT = "dwarf-with-dsym";
				ENABLE_NS_ASSERTIONS = NO;
				ENABLE_STRICT_OBJC_MSGSEND = YES;
				GCC_C_LANGUAGE_STANDARD = gnu11;
				GCC_NO_COMMON_BLOCKS = YES;
				GCC_WARN_64_TO_32_BIT_CONVERSION = YES;
				GCC_WARN_ABOUT_RETURN_TYPE = YES_ERROR;
				GCC_WARN_UNDECLARED_SELECTOR = YES;
				GCC_WARN_UNINITIALIZED_AUTOS = YES_AGGRESSIVE;
				GCC_WARN_UNUSED_FUNCTION = YES;
				GCC_WARN_UNUSED_VARIABLE = YES;
				MACOSX_DEPLOYMENT_TARGET = 10.13;
				MTL_ENABLE_DEBUG_INFO = NO;
				SDKROOT = macosx;
			};
			name = Release;
		};
		D937118920CA1E040030EE9D /* Debug */ = {
			isa = XCBuildConfiguration;
			buildSettings = {
				CODE_SIGN_STYLE = Automatic;
				PRODUCT_NAME = "$(TARGET_NAME)";
			};
			name = Debug;
		};
		D937118A20CA1E040030EE9D /* Release */ = {
			isa = XCBuildConfiguration;
			buildSettings = {
				CODE_SIGN_STYLE = Automatic;
				PRODUCT_NAME = "$(TARGET_NAME)";
			};
			name = Release;
		};
/* End XCBuildConfiguration section */

/* Begin XCConfigurationList section */
		D937117C20CA1E040030EE9D /* Build configuration list for PBXProject "RayTrace 101" */ = {
			isa = XCConfigurationList;
			buildConfigurations = (
				D937118620CA1E040030EE9D /* Debug */,
				D937118720CA1E040030EE9D /* Release */,
			);
			defaultConfigurationIsVisible = 0;
			defaultConfigurationName = Release;
		};
		D937118820CA1E040030EE9D /* Build configuration list for PBXNativeTarget "RayTrace 101" */ = {
			isa = XCConfigurationList;
			buildConfigurations = (
				D937118920CA1E040030EE9D /* Debug */,
				D937118A20CA1E040030EE9D /* Release */,
			);
			defaultConfigurationIsVisible = 0;
			defaultConfigurationName = Release;
		};
/* End XCConfigurationList section */
	};
	rootObject = D937117920CA1E040030EE9D /* Project object */;
}
